
Microsoft Visual Studio Solution File, Format Version 12.00
# Visual Studio 2013
VisualStudioVersion = 12.0.31101.0
MinimumVisualStudioVersion = 10.0.40219.1
Project("{FAE04EC0-301F-11D3-BF4B-00C04F79EFBC}") = "DecisionTree", "DecisionTree\DecisionTree.csproj", "{1705D8C1-C24D-4BC2-87B7-DF71EF9CFDD9}"
EndProject
Project("{FAE04EC0-301F-11D3-BF4B-00C04F79EFBC}") = "CollaborativeFiltering", "CollaborativeFiltering\CollaborativeFiltering.csproj", "{35636B3A-6783-440B-935E-864E61E0F227}"
EndProject
Project("{FAE04EC0-301F-11D3-BF4B-00C04F79EFBC}") = "NaiveBayes", "NaiveBayes\NaiveBayes.csproj", "{764503E2-FC0E-4C49-B7DE-14130491DC21}"
EndProject
Project("{FAE04EC0-301F-11D3-BF4B-00C04F79EFBC}") = "Bagging", "Bagging\Bagging.csproj", "{8F2154D1-74F0-4F28-A38F-422D7C8F92B1}"
EndProject
Global
	GlobalSection(SolutionConfigurationPlatforms) = preSolution
		Debug|Any CPU = Debug|Any CPU
		Release|Any CPU = Release|Any CPU
	EndGlobalSection
	GlobalSection(ProjectConfigurationPlatforms) = postSolution
		{1705D8C1-C24D-4BC2-87B7-DF71EF9CFDD9}.Debug|Any CPU.ActiveCfg = Debug|Any CPU
		{1705D8C1-C24D-4BC2-87B7-DF71EF9CFDD9}.Debug|Any CPU.Build.0 = Debug|Any CPU
		{1705D8C1-C24D-4BC2-87B7-DF71EF9CFDD9}.Release|Any CPU.ActiveCfg = Release|Any CPU
		{1705D8C1-C24D-4BC2-87B7-DF71EF9CFDD9}.Release|Any CPU.Build.0 = Release|Any CPU
		{35636B3A-6783-440B-935E-864E61E0F227}.Debug|Any CPU.ActiveCfg = Debug|Any CPU
		{35636B3A-6783-440B-935E-864E61E0F227}.Debug|Any CPU.Build.0 = Debug|Any CPU
		{35636B3A-6783-440B-935E-864E61E0F227}.Release|Any CPU.ActiveCfg = Release|Any CPU
		{35636B3A-6783-440B-935E-864E61E0F227}.Release|Any CPU.Build.0 = Release|Any CPU
		{764503E2-FC0E-4C49-B7DE-14130491DC21}.Debug|Any CPU.ActiveCfg = Debug|Any CPU
		{764503E2-FC0E-4C49-B7DE-14130491DC21}.Debug|Any CPU.Build.0 = Debug|Any CPU
		{764503E2-FC0E-4C49-B7DE-14130491DC21}.Release|Any CPU.ActiveCfg = Release|Any CPU
		{764503E2-FC0E-4C49-B7DE-14130491DC21}.Release|Any CPU.Build.0 = Release|Any CPU
		{8F2154D1-74F0-4F28-A38F-422D7C8F92B1}.Debug|Any CPU.ActiveCfg = Debug|Any CPU
		{8F2154D1-74F0-4F28-A38F-422D7C8F92B1}.Debug|Any CPU.Build.0 = Debug|Any CPU
		{8F2154D1-74F0-4F28-A38F-422D7C8F92B1}.Release|Any CPU.ActiveCfg = Release|Any CPU
		{8F2154D1-74F0-4F28-A38F-422D7C8F92B1}.Release|Any CPU.Build.0 = Release|Any CPU
	EndGlobalSection
	GlobalSection(SolutionProperties) = preSolution
		HideSolutionNode = FALSE
	EndGlobalSection
EndGlobal
